
Microsoft Visual Studio Solution File, Format Version 12.00
# Visual Studio Version 16
VisualStudioVersion = 16.0.30114.105
MinimumVisualStudioVersion = 10.0.40219.1
Project("{FAE04EC0-301F-11D3-BF4B-00C04F79EFBC}") = "ResumeFunctionApp", "ResumeFunctionApp\ResumeFunctionApp.csproj", "{092378D3-CB44-471C-A29D-7AE674E2FD2D}"
EndProject
Global
	GlobalSection(SolutionConfigurationPlatforms) = preSolution
		Debug|Any CPU = Debug|Any CPU
		Release|Any CPU = Release|Any CPU
	EndGlobalSection
	GlobalSection(ProjectConfigurationPlatforms) = postSolution
		{092378D3-CB44-471C-A29D-7AE674E2FD2D}.Debug|Any CPU.ActiveCfg = Debug|Any CPU
		{092378D3-CB44-471C-A29D-7AE674E2FD2D}.Debug|Any CPU.Build.0 = Debug|Any CPU
		{092378D3-CB44-471C-A29D-7AE674E2FD2D}.Release|Any CPU.ActiveCfg = Release|Any CPU
		{092378D3-CB44-471C-A29D-7AE674E2FD2D}.Release|Any CPU.Build.0 = Release|Any CPU
	EndGlobalSection
	GlobalSection(SolutionProperties) = preSolution
		HideSolutionNode = FALSE
	EndGlobalSection
	GlobalSection(ExtensibilityGlobals) = postSolution
		SolutionGuid = {AB41D734-69AE-4C6F-91E2-7BC0AF994A89}
	EndGlobalSection
EndGlobal
